// !$*UTF8*$!
{
	archiveVersion = 1;
	classes = {
	};
	objectVersion = 46;
	objects = {

/* Begin PBXBuildFile section */
		E17901A81950AAB900CFF072 /* AppDelegate.swift in Sources */ = {isa = PBXBuildFile; fileRef = E17901A71950AAB900CFF072 /* AppDelegate.swift */; };
		E17901AB1950AAB900CFF072 /* Ace2_0.xcdatamodeld in Sources */ = {isa = PBXBuildFile; fileRef = E17901A91950AAB900CFF072 /* Ace2_0.xcdatamodeld */; };
		E17901BE1950AAB900CFF072 /* Ace2_0Tests.swift in Sources */ = {isa = PBXBuildFile; fileRef = E17901BD1950AAB900CFF072 /* Ace2_0Tests.swift */; };
		E17901CE1950AB0800CFF072 /* AccountCreateController.swift in Sources */ = {isa = PBXBuildFile; fileRef = E17901C71950AB0800CFF072 /* AccountCreateController.swift */; };
		E17901CF1950AB0800CFF072 /* AccountManager.swift in Sources */ = {isa = PBXBuildFile; fileRef = E17901C81950AB0800CFF072 /* AccountManager.swift */; };
		E17901D01950AB0800CFF072 /* AccountRegisterController.swift in Sources */ = {isa = PBXBuildFile; fileRef = E17901C91950AB0800CFF072 /* AccountRegisterController.swift */; };
		E17901D11950AB0800CFF072 /* AudioController.swift in Sources */ = {isa = PBXBuildFile; fileRef = E17901CA1950AB0800CFF072 /* AudioController.swift */; };
		E17901D21950AB0800CFF072 /* MainLoginViewController.swift in Sources */ = {isa = PBXBuildFile; fileRef = E17901CB1950AB0800CFF072 /* MainLoginViewController.swift */; };
		E17901D31950AB0800CFF072 /* manu_bgmusic.mp3 in Resources */ = {isa = PBXBuildFile; fileRef = E17901CC1950AB0800CFF072 /* manu_bgmusic.mp3 */; };
		E17901D41950AB0800CFF072 /* ProfileController.swift in Sources */ = {isa = PBXBuildFile; fileRef = E17901CD1950AB0800CFF072 /* ProfileController.swift */; };
		E17901D81950ABC500CFF072 /* Images.xcassets in Resources */ = {isa = PBXBuildFile; fileRef = E17901D71950ABC500CFF072 /* Images.xcassets */; };
		E17901DE1950AEFD00CFF072 /* Main.storyboard in Resources */ = {isa = PBXBuildFile; fileRef = E17901DD1950AEFD00CFF072 /* Main.storyboard */; };
		E17901E01950B04E00CFF072 /* PortraitCreateController.swift in Sources */ = {isa = PBXBuildFile; fileRef = E17901DF1950B04E00CFF072 /* PortraitCreateController.swift */; };
		E18B242119578097001CADE7 /* FacebookSDK.framework in Frameworks */ = {isa = PBXBuildFile; fileRef = E18B242019578097001CADE7 /* FacebookSDK.framework */; };
		E1DC28451959BD8600E6F641 /* MemberViewController.swift in Sources */ = {isa = PBXBuildFile; fileRef = E1DC28441959BD8600E6F641 /* MemberViewController.swift */; };
		E1DC2847195A618700E6F641 /* GuestViewController.swift in Sources */ = {isa = PBXBuildFile; fileRef = E1DC2846195A618700E6F641 /* GuestViewController.swift */; };
		E1EA282A19579A0700190807 /* LoginViewController.swift in Sources */ = {isa = PBXBuildFile; fileRef = E1EA282919579A0700190807 /* LoginViewController.swift */; };
/* End PBXBuildFile section */

/* Begin PBXContainerItemProxy section */
		E17901B81950AAB900CFF072 /* PBXContainerItemProxy */ = {
			isa = PBXContainerItemProxy;
			containerPortal = E179019A1950AAB900CFF072 /* Project object */;
			proxyType = 1;
			remoteGlobalIDString = E17901A11950AAB900CFF072;
			remoteInfo = Ace2.0;
		};
/* End PBXContainerItemProxy section */

/* Begin PBXFileReference section */
		E1447B631950FA8A00FD6AE4 /* Ace2.0-Bridging-Header.h */ = {isa = PBXFileReference; lastKnownFileType = sourcecode.c.h; path = "Ace2.0-Bridging-Header.h"; sourceTree = "<group>"; };
		E17901A21950AAB900CFF072 /* Ace2.0.app */ = {isa = PBXFileReference; explicitFileType = wrapper.application; includeInIndex = 0; path = Ace2.0.app; sourceTree = BUILT_PRODUCTS_DIR; };
		E17901A61950AAB900CFF072 /* Info.plist */ = {isa = PBXFileReference; lastKnownFileType = text.plist.xml; path = Info.plist; sourceTree = "<group>"; };
		E17901A71950AAB900CFF072 /* AppDelegate.swift */ = {isa = PBXFileReference; lastKnownFileType = sourcecode.swift; path = AppDelegate.swift; sourceTree = "<group>"; };
		E17901AA1950AAB900CFF072 /* Ace2_0.xcdatamodel */ = {isa = PBXFileReference; lastKnownFileType = wrapper.xcdatamodel; path = Ace2_0.xcdatamodel; sourceTree = "<group>"; };
		E17901B71950AAB900CFF072 /* Ace2.0Tests.xctest */ = {isa = PBXFileReference; explicitFileType = wrapper.cfbundle; includeInIndex = 0; path = Ace2.0Tests.xctest; sourceTree = BUILT_PRODUCTS_DIR; };
		E17901BC1950AAB900CFF072 /* Info.plist */ = {isa = PBXFileReference; lastKnownFileType = text.plist.xml; path = Info.plist; sourceTree = "<group>"; };
		E17901BD1950AAB900CFF072 /* Ace2_0Tests.swift */ = {isa = PBXFileReference; lastKnownFileType = sourcecode.swift; path = Ace2_0Tests.swift; sourceTree = "<group>"; };
		E17901C71950AB0800CFF072 /* AccountCreateController.swift */ = {isa = PBXFileReference; fileEncoding = 4; lastKnownFileType = sourcecode.swift; path = AccountCreateController.swift; sourceTree = "<group>"; };
		E17901C81950AB0800CFF072 /* AccountManager.swift */ = {isa = PBXFileReference; fileEncoding = 4; lastKnownFileType = sourcecode.swift; path = AccountManager.swift; sourceTree = "<group>"; };
		E17901C91950AB0800CFF072 /* AccountRegisterController.swift */ = {isa = PBXFileReference; fileEncoding = 4; lastKnownFileType = sourcecode.swift; path = AccountRegisterController.swift; sourceTree = "<group>"; };
		E17901CA1950AB0800CFF072 /* AudioController.swift */ = {isa = PBXFileReference; fileEncoding = 4; lastKnownFileType = sourcecode.swift; path = AudioController.swift; sourceTree = "<group>"; };
		E17901CB1950AB0800CFF072 /* MainLoginViewController.swift */ = {isa = PBXFileReference; fileEncoding = 4; lastKnownFileType = sourcecode.swift; path = MainLoginViewController.swift; sourceTree = "<group>"; };
		E17901CC1950AB0800CFF072 /* manu_bgmusic.mp3 */ = {isa = PBXFileReference; lastKnownFileType = audio.mp3; path = manu_bgmusic.mp3; sourceTree = "<group>"; };
		E17901CD1950AB0800CFF072 /* ProfileController.swift */ = {isa = PBXFileReference; fileEncoding = 4; lastKnownFileType = sourcecode.swift; path = ProfileController.swift; sourceTree = "<group>"; };
		E17901D71950ABC500CFF072 /* Images.xcassets */ = {isa = PBXFileReference; lastKnownFileType = folder.assetcatalog; path = Images.xcassets; sourceTree = "<group>"; };
		E17901DD1950AEFD00CFF072 /* Main.storyboard */ = {isa = PBXFileReference; fileEncoding = 4; lastKnownFileType = file.storyboard; path = Main.storyboard; sourceTree = "<group>"; };
		E17901DF1950B04E00CFF072 /* PortraitCreateController.swift */ = {isa = PBXFileReference; fileEncoding = 4; lastKnownFileType = sourcecode.swift; path = PortraitCreateController.swift; sourceTree = "<group>"; };
		E18B242019578097001CADE7 /* FacebookSDK.framework */ = {isa = PBXFileReference; lastKnownFileType = wrapper.framework; path = FacebookSDK.framework; sourceTree = "<group>"; };
		E1A61AA61957D2630099281D /* MyPlayground.playground */ = {isa = PBXFileReference; lastKnownFileType = file.playground; path = MyPlayground.playground; sourceTree = "<group>"; };
		E1DC28441959BD8600E6F641 /* MemberViewController.swift */ = {isa = PBXFileReference; fileEncoding = 4; lastKnownFileType = sourcecode.swift; path = MemberViewController.swift; sourceTree = "<group>"; };
		E1DC2846195A618700E6F641 /* GuestViewController.swift */ = {isa = PBXFileReference; fileEncoding = 4; lastKnownFileType = sourcecode.swift; path = GuestViewController.swift; sourceTree = "<group>"; };
		E1EA282919579A0700190807 /* LoginViewController.swift */ = {isa = PBXFileReference; fileEncoding = 4; lastKnownFileType = sourcecode.swift; path = LoginViewController.swift; sourceTree = "<group>"; };
/* End PBXFileReference section */

/* Begin PBXFrameworksBuildPhase section */
		E179019F1950AAB900CFF072 /* Frameworks */ = {
			isa = PBXFrameworksBuildPhase;
			buildActionMask = 2147483647;
			files = (
				E18B242119578097001CADE7 /* FacebookSDK.framework in Frameworks */,
			);
			runOnlyForDeploymentPostprocessing = 0;
		};
		E17901B41950AAB900CFF072 /* Frameworks */ = {
			isa = PBXFrameworksBuildPhase;
			buildActionMask = 2147483647;
			files = (
			);
			runOnlyForDeploymentPostprocessing = 0;
		};
/* End PBXFrameworksBuildPhase section */

/* Begin PBXGroup section */
		E17901991950AAB900CFF072 = {
			isa = PBXGroup;
			children = (
				E1A61AA61957D2630099281D /* MyPlayground.playground */,
				E17901A41950AAB900CFF072 /* Ace2.0 */,
				E17901BA1950AAB900CFF072 /* Ace2.0Tests */,
				E17901A31950AAB900CFF072 /* Products */,
			);
			sourceTree = "<group>";
		};
		E17901A31950AAB900CFF072 /* Products */ = {
			isa = PBXGroup;
			children = (
				E17901A21950AAB900CFF072 /* Ace2.0.app */,
				E17901B71950AAB900CFF072 /* Ace2.0Tests.xctest */,
			);
			name = Products;
			sourceTree = "<group>";
		};
		E17901A41950AAB900CFF072 /* Ace2.0 */ = {
			isa = PBXGroup;
			children = (
				E18B242019578097001CADE7 /* FacebookSDK.framework */,
				E17901D91950AC7300CFF072 /* sounds */,
				E17901A71950AAB900CFF072 /* AppDelegate.swift */,
				E17901C71950AB0800CFF072 /* AccountCreateController.swift */,
				E17901C81950AB0800CFF072 /* AccountManager.swift */,
				E1DC2846195A618700E6F641 /* GuestViewController.swift */,
				E1EA282919579A0700190807 /* LoginViewController.swift */,
				E17901DD1950AEFD00CFF072 /* Main.storyboard */,
				E1DC28441959BD8600E6F641 /* MemberViewController.swift */,
				E17901C91950AB0800CFF072 /* AccountRegisterController.swift */,
				E17901CB1950AB0800CFF072 /* MainLoginViewController.swift */,
				E17901CA1950AB0800CFF072 /* AudioController.swift */,
				E17901DF1950B04E00CFF072 /* PortraitCreateController.swift */,
				E17901CD1950AB0800CFF072 /* ProfileController.swift */,
				E17901A91950AAB900CFF072 /* Ace2_0.xcdatamodeld */,
				E1447B631950FA8A00FD6AE4 /* Ace2.0-Bridging-Header.h */,
				E17901D71950ABC500CFF072 /* Images.xcassets */,
				E17901A51950AAB900CFF072 /* Supporting Files */,
			);
			path = Ace2.0;
			sourceTree = "<group>";
		};
		E17901A51950AAB900CFF072 /* Supporting Files */ = {
			isa = PBXGroup;
			children = (
				E17901A61950AAB900CFF072 /* Info.plist */,
			);
			name = "Supporting Files";
			sourceTree = "<group>";
		};
		E17901BA1950AAB900CFF072 /* Ace2.0Tests */ = {
			isa = PBXGroup;
			children = (
				E17901BD1950AAB900CFF072 /* Ace2_0Tests.swift */,
				E17901BB1950AAB900CFF072 /* Supporting Files */,
			);
			path = Ace2.0Tests;
			sourceTree = "<group>";
		};
		E17901BB1950AAB900CFF072 /* Supporting Files */ = {
			isa = PBXGroup;
			children = (
				E17901BC1950AAB900CFF072 /* Info.plist */,
			);
			name = "Supporting Files";
			sourceTree = "<group>";
		};
		E17901D91950AC7300CFF072 /* sounds */ = {
			isa = PBXGroup;
			children = (
				E17901CC1950AB0800CFF072 /* manu_bgmusic.mp3 */,
			);
			name = sounds;
			sourceTree = "<group>";
		};
/* End PBXGroup section */

/* Begin PBXNativeTarget section */
		E17901A11950AAB900CFF072 /* Ace2.0 */ = {
			isa = PBXNativeTarget;
			buildConfigurationList = E17901C11950AAB900CFF072 /* Build configuration list for PBXNativeTarget "Ace2.0" */;
			buildPhases = (
				E179019E1950AAB900CFF072 /* Sources */,
				E179019F1950AAB900CFF072 /* Frameworks */,
				E17901A01950AAB900CFF072 /* Resources */,
			);
			buildRules = (
			);
			dependencies = (
			);
			name = Ace2.0;
			productName = Ace2.0;
			productReference = E17901A21950AAB900CFF072 /* Ace2.0.app */;
			productType = "com.apple.product-type.application";
		};
		E17901B61950AAB900CFF072 /* Ace2.0Tests */ = {
			isa = PBXNativeTarget;
			buildConfigurationList = E17901C41950AAB900CFF072 /* Build configuration list for PBXNativeTarget "Ace2.0Tests" */;
			buildPhases = (
				E17901B31950AAB900CFF072 /* Sources */,
				E17901B41950AAB900CFF072 /* Frameworks */,
				E17901B51950AAB900CFF072 /* Resources */,
			);
			buildRules = (
			);
			dependencies = (
				E17901B91950AAB900CFF072 /* PBXTargetDependency */,
			);
			name = Ace2.0Tests;
			productName = Ace2.0Tests;
			productReference = E17901B71950AAB900CFF072 /* Ace2.0Tests.xctest */;
			productType = "com.apple.product-type.bundle.unit-test";
		};
/* End PBXNativeTarget section */

/* Begin PBXProject section */
		E179019A1950AAB900CFF072 /* Project object */ = {
			isa = PBXProject;
			attributes = {
				LastUpgradeCheck = 0600;
				ORGANIZATIONNAME = "Weiliang Xing";
				TargetAttributes = {
					E17901A11950AAB900CFF072 = {
						CreatedOnToolsVersion = 6.0;
					};
					E17901B61950AAB900CFF072 = {
						CreatedOnToolsVersion = 6.0;
						TestTargetID = E17901A11950AAB900CFF072;
					};
				};
			};
			buildConfigurationList = E179019D1950AAB900CFF072 /* Build configuration list for PBXProject "Ace2.0" */;
			compatibilityVersion = "Xcode 3.2";
			developmentRegion = English;
			hasScannedForEncodings = 0;
			knownRegions = (
				en,
				Base,
			);
			mainGroup = E17901991950AAB900CFF072;
			productRefGroup = E17901A31950AAB900CFF072 /* Products */;
			projectDirPath = "";
			projectRoot = "";
			targets = (
				E17901A11950AAB900CFF072 /* Ace2.0 */,
				E17901B61950AAB900CFF072 /* Ace2.0Tests */,
			);
		};
/* End PBXProject section */

/* Begin PBXResourcesBuildPhase section */
		E17901A01950AAB900CFF072 /* Resources */ = {
			isa = PBXResourcesBuildPhase;
			buildActionMask = 2147483647;
			files = (
				E17901DE1950AEFD00CFF072 /* Main.storyboard in Resources */,
				E17901D81950ABC500CFF072 /* Images.xcassets in Resources */,
				E17901D31950AB0800CFF072 /* manu_bgmusic.mp3 in Resources */,
			);
			runOnlyForDeploymentPostprocessing = 0;
		};
		E17901B51950AAB900CFF072 /* Resources */ = {
			isa = PBXResourcesBuildPhase;
			buildActionMask = 2147483647;
			files = (
			);
			runOnlyForDeploymentPostprocessing = 0;
		};
/* End PBXResourcesBuildPhase section */

/* Begin PBXSourcesBuildPhase section */
		E179019E1950AAB900CFF072 /* Sources */ = {
			isa = PBXSourcesBuildPhase;
			buildActionMask = 2147483647;
			files = (
				E1DC28451959BD8600E6F641 /* MemberViewController.swift in Sources */,
				E17901A81950AAB900CFF072 /* AppDelegate.swift in Sources */,
				E17901AB1950AAB900CFF072 /* Ace2_0.xcdatamodeld in Sources */,
				E17901CE1950AB0800CFF072 /* AccountCreateController.swift in Sources */,
				E17901CF1950AB0800CFF072 /* AccountManager.swift in Sources */,
				E17901D21950AB0800CFF072 /* MainLoginViewController.swift in Sources */,
				E17901D11950AB0800CFF072 /* AudioController.swift in Sources */,
				E1DC2847195A618700E6F641 /* GuestViewController.swift in Sources */,
				E17901D01950AB0800CFF072 /* AccountRegisterController.swift in Sources */,
				E17901D41950AB0800CFF072 /* ProfileController.swift in Sources */,
				E1EA282A19579A0700190807 /* LoginViewController.swift in Sources */,
				E17901E01950B04E00CFF072 /* PortraitCreateController.swift in Sources */,
			);
			runOnlyForDeploymentPostprocessing = 0;
		};
		E17901B31950AAB900CFF072 /* Sources */ = {
			isa = PBXSourcesBuildPhase;
			buildActionMask = 2147483647;
			files = (
				E17901BE1950AAB900CFF072 /* Ace2_0Tests.swift in Sources */,
			);
			runOnlyForDeploymentPostprocessing = 0;
		};
/* End PBXSourcesBuildPhase section */

/* Begin PBXTargetDependency section */
		E17901B91950AAB900CFF072 /* PBXTargetDependency */ = {
			isa = PBXTargetDependency;
			target = E17901A11950AAB900CFF072 /* Ace2.0 */;
			targetProxy = E17901B81950AAB900CFF072 /* PBXContainerItemProxy */;
		};
/* End PBXTargetDependency section */

/* Begin XCBuildConfiguration section */
		E17901BF1950AAB900CFF072 /* Debug */ = {
			isa = XCBuildConfiguration;
			buildSettings = {
				ALWAYS_SEARCH_USER_PATHS = NO;
				CLANG_CXX_LANGUAGE_STANDARD = "gnu++0x";
				CLANG_CXX_LIBRARY = "libc++";
				CLANG_ENABLE_MODULES = YES;
				CLANG_ENABLE_OBJC_ARC = YES;
				CLANG_WARN_BOOL_CONVERSION = YES;
				CLANG_WARN_CONSTANT_CONVERSION = YES;
				CLANG_WARN_DIRECT_OBJC_ISA_USAGE = YES_ERROR;
				CLANG_WARN_EMPTY_BODY = YES;
				CLANG_WARN_ENUM_CONVERSION = YES;
				CLANG_WARN_INT_CONVERSION = YES;
				CLANG_WARN_OBJC_ROOT_CLASS = YES_ERROR;
				CLANG_WARN_UNREACHABLE_CODE = YES;
				CLANG_WARN__DUPLICATE_METHOD_MATCH = YES;
				"CODE_SIGN_IDENTITY[sdk=iphoneos*]" = "iPhone Developer";
				COPY_PHASE_STRIP = NO;
				ENABLE_STRICT_OBJC_MSGSEND = YES;
				GCC_C_LANGUAGE_STANDARD = gnu99;
				GCC_DYNAMIC_NO_PIC = NO;
				GCC_OPTIMIZATION_LEVEL = 0;
				GCC_PREPROCESSOR_DEFINITIONS = (
					"DEBUG=1",
					"$(inherited)",
				);
				GCC_SYMBOLS_PRIVATE_EXTERN = NO;
				GCC_WARN_64_TO_32_BIT_CONVERSION = YES;
				GCC_WARN_ABOUT_RETURN_TYPE = YES_ERROR;
				GCC_WARN_UNDECLARED_SELECTOR = YES;
				GCC_WARN_UNINITIALIZED_AUTOS = YES_AGGRESSIVE;
				GCC_WARN_UNUSED_FUNCTION = YES;
				GCC_WARN_UNUSED_VARIABLE = YES;
				IPHONEOS_DEPLOYMENT_TARGET = 8.0;
				METAL_ENABLE_DEBUG_INFO = YES;
				ONLY_ACTIVE_ARCH = YES;
				SDKROOT = iphoneos;
				SWIFT_OPTIMIZATION_LEVEL = "-Onone";
			};
			name = Debug;
		};
		E17901C01950AAB900CFF072 /* Release */ = {
			isa = XCBuildConfiguration;
			buildSettings = {
				ALWAYS_SEARCH_USER_PATHS = NO;
				CLANG_CXX_LANGUAGE_STANDARD = "gnu++0x";
				CLANG_CXX_LIBRARY = "libc++";
				CLANG_ENABLE_MODULES = YES;
				CLANG_ENABLE_OBJC_ARC = YES;
				CLANG_WARN_BOOL_CONVERSION = YES;
				CLANG_WARN_CONSTANT_CONVERSION = YES;
				CLANG_WARN_DIRECT_OBJC_ISA_USAGE = YES_ERROR;
				CLANG_WARN_EMPTY_BODY = YES;
				CLANG_WARN_ENUM_CONVERSION = YES;
				CLANG_WARN_INT_CONVERSION = YES;
				CLANG_WARN_OBJC_ROOT_CLASS = YES_ERROR;
				CLANG_WARN_UNREACHABLE_CODE = YES;
				CLANG_WARN__DUPLICATE_METHOD_MATCH = YES;
				"CODE_SIGN_IDENTITY[sdk=iphoneos*]" = "iPhone Developer";
				COPY_PHASE_STRIP = YES;
				ENABLE_NS_ASSERTIONS = NO;
				ENABLE_STRICT_OBJC_MSGSEND = YES;
				GCC_C_LANGUAGE_STANDARD = gnu99;
				GCC_WARN_64_TO_32_BIT_CONVERSION = YES;
				GCC_WARN_ABOUT_RETURN_TYPE = YES_ERROR;
				GCC_WARN_UNDECLARED_SELECTOR = YES;
				GCC_WARN_UNINITIALIZED_AUTOS = YES_AGGRESSIVE;
				GCC_WARN_UNUSED_FUNCTION = YES;
				GCC_WARN_UNUSED_VARIABLE = YES;
				IPHONEOS_DEPLOYMENT_TARGET = 8.0;
				METAL_ENABLE_DEBUG_INFO = NO;
				SDKROOT = iphoneos;
				VALIDATE_PRODUCT = YES;
			};
			name = Release;
		};
		E17901C21950AAB900CFF072 /* Debug */ = {
			isa = XCBuildConfiguration;
			buildSettings = {
				ASSETCATALOG_COMPILER_APPICON_NAME = AppIcon;
				ASSETCATALOG_COMPILER_LAUNCHIMAGE_NAME = LaunchImage;
				CLANG_ENABLE_MODULES = YES;
				FRAMEWORK_SEARCH_PATHS = (
					"$(inherited)",
					"$(PROJECT_DIR)/Ace2.0",
				);
				INFOPLIST_FILE = Ace2.0/Info.plist;
				LD_RUNPATH_SEARCH_PATHS = "$(inherited) @executable_path/Frameworks";
				PRODUCT_NAME = "$(TARGET_NAME)";
				SWIFT_OBJC_BRIDGING_HEADER = "Ace2.0/Ace2.0-Bridging-Header.h";
				SWIFT_OPTIMIZATION_LEVEL = "-Onone";
			};
			name = Debug;
		};
		E17901C31950AAB900CFF072 /* Release */ = {
			isa = XCBuildConfiguration;
			buildSettings = {
				ASSETCATALOG_COMPILER_APPICON_NAME = AppIcon;
				ASSETCATALOG_COMPILER_LAUNCHIMAGE_NAME = LaunchImage;
				CLANG_ENABLE_MODULES = YES;
				FRAMEWORK_SEARCH_PATHS = (
					"$(inherited)",
					"$(PROJECT_DIR)/Ace2.0",
				);
				INFOPLIST_FILE = Ace2.0/Info.plist;
				LD_RUNPATH_SEARCH_PATHS = "$(inherited) @executable_path/Frameworks";
				PRODUCT_NAME = "$(TARGET_NAME)";
				SWIFT_OBJC_BRIDGING_HEADER = "Ace2.0/Ace2.0-Bridging-Header.h";
			};
			name = Release;
		};
		E17901C51950AAB900CFF072 /* Debug */ = {
			isa = XCBuildConfiguration;
			buildSettings = {
				BUNDLE_LOADER = "$(BUILT_PRODUCTS_DIR)/Ace2.0.app/Ace2.0";
				FRAMEWORK_SEARCH_PATHS = (
					"$(SDKROOT)/Developer/Library/Frameworks",
					"$(inherited)",
				);
				GCC_PREPROCESSOR_DEFINITIONS = (
					"DEBUG=1",
					"$(inherited)",
				);
				INFOPLIST_FILE = Ace2.0Tests/Info.plist;
				LD_RUNPATH_SEARCH_PATHS = "$(inherited) @executable_path/Frameworks @loader_path/Frameworks";
				METAL_ENABLE_DEBUG_INFO = YES;
				PRODUCT_NAME = "$(TARGET_NAME)";
				TEST_HOST = "$(BUNDLE_LOADER)";
			};
			name = Debug;
		};
		E17901C61950AAB900CFF072 /* Release */ = {
			isa = XCBuildConfiguration;
			buildSettings = {
				BUNDLE_LOADER = "$(BUILT_PRODUCTS_DIR)/Ace2.0.app/Ace2.0";
				FRAMEWORK_SEARCH_PATHS = (
					"$(SDKROOT)/Developer/Library/Frameworks",
					"$(inherited)",
				);
				INFOPLIST_FILE = Ace2.0Tests/Info.plist;
				LD_RUNPATH_SEARCH_PATHS = "$(inherited) @executable_path/Frameworks @loader_path/Frameworks";
				METAL_ENABLE_DEBUG_INFO = NO;
				PRODUCT_NAME = "$(TARGET_NAME)";
				TEST_HOST = "$(BUNDLE_LOADER)";
			};
			name = Release;
		};
/* End XCBuildConfiguration section */

/* Begin XCConfigurationList section */
		E179019D1950AAB900CFF072 /* Build configuration list for PBXProject "Ace2.0" */ = {
			isa = XCConfigurationList;
			buildConfigurations = (
				E17901BF1950AAB900CFF072 /* Debug */,
				E17901C01950AAB900CFF072 /* Release */,
			);
			defaultConfigurationIsVisible = 0;
			defaultConfigurationName = Release;
		};
		E17901C11950AAB900CFF072 /* Build configuration list for PBXNativeTarget "Ace2.0" */ = {
			isa = XCConfigurationList;
			buildConfigurations = (
				E17901C21950AAB900CFF072 /* Debug */,
				E17901C31950AAB900CFF072 /* Release */,
			);
			defaultConfigurationIsVisible = 0;
			defaultConfigurationName = Release;
		};
		E17901C41950AAB900CFF072 /* Build configuration list for PBXNativeTarget "Ace2.0Tests" */ = {
			isa = XCConfigurationList;
			buildConfigurations = (
				E17901C51950AAB900CFF072 /* Debug */,
				E17901C61950AAB900CFF072 /* Release */,
			);
			defaultConfigurationIsVisible = 0;
			defaultConfigurationName = Release;
		};
/* End XCConfigurationList section */

/* Begin XCVersionGroup section */
		E17901A91950AAB900CFF072 /* Ace2_0.xcdatamodeld */ = {
			isa = XCVersionGroup;
			children = (
				E17901AA1950AAB900CFF072 /* Ace2_0.xcdatamodel */,
			);
			currentVersion = E17901AA1950AAB900CFF072 /* Ace2_0.xcdatamodel */;
			path = Ace2_0.xcdatamodeld;
			sourceTree = "<group>";
			versionGroupType = wrapper.xcdatamodel;
		};
/* End XCVersionGroup section */
	};
	rootObject = E179019A1950AAB900CFF072 /* Project object */;
}
